
Microsoft Visual Studio Solution File, Format Version 12.00
# Visual Studio Version 16
VisualStudioVersion = 16.0.29806.167
MinimumVisualStudioVersion = 10.0.40219.1
Project("{9A19103F-16F7-4668-BE54-9A1E7A4F7556}") = "KryGamesBot", "KryGamesBot\KryGamesBot.csproj", "{CFF72DDF-072E-4F30-A099-0CE16DCB29EE}"
EndProject
Project("{9A19103F-16F7-4668-BE54-9A1E7A4F7556}") = "KryGamesBotControls", "KryGamesBotControls\KryGamesBotControls.csproj", "{BEF60D35-44BD-4164-B443-A786AFD2F438}"
EndProject
Project("{9A19103F-16F7-4668-BE54-9A1E7A4F7556}") = "Doormat.Bot", "..\DoormatBot\Doormat.Bot\Doormat.Bot.csproj", "{F93DAEFA-B263-4D9A-BE45-2044AB93CB82}"
EndProject
Project("{9A19103F-16F7-4668-BE54-9A1E7A4F7556}") = "DoormatControllers", "..\DoormatBot\DoormatControllers\DoormatControllers.csproj", "{259C9662-426C-4B6E-8A14-1BC536A4D315}"
EndProject
Project("{9A19103F-16F7-4668-BE54-9A1E7A4F7556}") = "KeePassLibNetStd", "..\DoormatBot\KeePassLib\KeePassLibNetStd.csproj", "{66A8BF95-8798-47CF-8785-6134F6B771C4}"
EndProject
Project("{9A19103F-16F7-4668-BE54-9A1E7A4F7556}") = "DoormatCore", "..\Doormat\Doormat\Doormat\DoormatCore.csproj", "{35104049-E7EF-4642-B139-B0033C1040B2}"
EndProject
Project("{9A19103F-16F7-4668-BE54-9A1E7A4F7556}") = "GlobalsObject", "..\Doormat\Doormat\GlobalsObject\GlobalsObject.csproj", "{54CF9563-E2CA-4AAC-AD34-2455581A805E}"
EndProject
Global
	GlobalSection(SolutionConfigurationPlatforms) = preSolution
		Debug|Any CPU = Debug|Any CPU
		Release|Any CPU = Release|Any CPU
	EndGlobalSection
	GlobalSection(ProjectConfigurationPlatforms) = postSolution
		{CFF72DDF-072E-4F30-A099-0CE16DCB29EE}.Debug|Any CPU.ActiveCfg = Debug|Any CPU
		{CFF72DDF-072E-4F30-A099-0CE16DCB29EE}.Debug|Any CPU.Build.0 = Debug|Any CPU
		{CFF72DDF-072E-4F30-A099-0CE16DCB29EE}.Release|Any CPU.ActiveCfg = Release|Any CPU
		{CFF72DDF-072E-4F30-A099-0CE16DCB29EE}.Release|Any CPU.Build.0 = Release|Any CPU
		{BEF60D35-44BD-4164-B443-A786AFD2F438}.Debug|Any CPU.ActiveCfg = Debug|Any CPU
		{BEF60D35-44BD-4164-B443-A786AFD2F438}.Debug|Any CPU.Build.0 = Debug|Any CPU
		{BEF60D35-44BD-4164-B443-A786AFD2F438}.Release|Any CPU.ActiveCfg = Release|Any CPU
		{BEF60D35-44BD-4164-B443-A786AFD2F438}.Release|Any CPU.Build.0 = Release|Any CPU
		{F93DAEFA-B263-4D9A-BE45-2044AB93CB82}.Debug|Any CPU.ActiveCfg = Debug|Any CPU
		{F93DAEFA-B263-4D9A-BE45-2044AB93CB82}.Debug|Any CPU.Build.0 = Debug|Any CPU
		{F93DAEFA-B263-4D9A-BE45-2044AB93CB82}.Release|Any CPU.ActiveCfg = Release|Any CPU
		{F93DAEFA-B263-4D9A-BE45-2044AB93CB82}.Release|Any CPU.Build.0 = Release|Any CPU
		{259C9662-426C-4B6E-8A14-1BC536A4D315}.Debug|Any CPU.ActiveCfg = Debug|Any CPU
		{259C9662-426C-4B6E-8A14-1BC536A4D315}.Debug|Any CPU.Build.0 = Debug|Any CPU
		{259C9662-426C-4B6E-8A14-1BC536A4D315}.Release|Any CPU.ActiveCfg = Release|Any CPU
		{259C9662-426C-4B6E-8A14-1BC536A4D315}.Release|Any CPU.Build.0 = Release|Any CPU
		{66A8BF95-8798-47CF-8785-6134F6B771C4}.Debug|Any CPU.ActiveCfg = Debug|Any CPU
		{66A8BF95-8798-47CF-8785-6134F6B771C4}.Debug|Any CPU.Build.0 = Debug|Any CPU
		{66A8BF95-8798-47CF-8785-6134F6B771C4}.Release|Any CPU.ActiveCfg = Release|Any CPU
		{66A8BF95-8798-47CF-8785-6134F6B771C4}.Release|Any CPU.Build.0 = Release|Any CPU
		{35104049-E7EF-4642-B139-B0033C1040B2}.Debug|Any CPU.ActiveCfg = Debug|Any CPU
		{35104049-E7EF-4642-B139-B0033C1040B2}.Debug|Any CPU.Build.0 = Debug|Any CPU
		{35104049-E7EF-4642-B139-B0033C1040B2}.Release|Any CPU.ActiveCfg = Release|Any CPU
		{35104049-E7EF-4642-B139-B0033C1040B2}.Release|Any CPU.Build.0 = Release|Any CPU
		{54CF9563-E2CA-4AAC-AD34-2455581A805E}.Debug|Any CPU.ActiveCfg = Debug|Any CPU
		{54CF9563-E2CA-4AAC-AD34-2455581A805E}.Debug|Any CPU.Build.0 = Debug|Any CPU
		{54CF9563-E2CA-4AAC-AD34-2455581A805E}.Release|Any CPU.ActiveCfg = Release|Any CPU
		{54CF9563-E2CA-4AAC-AD34-2455581A805E}.Release|Any CPU.Build.0 = Release|Any CPU
	EndGlobalSection
	GlobalSection(SolutionProperties) = preSolution
		HideSolutionNode = FALSE
	EndGlobalSection
	GlobalSection(ExtensibilityGlobals) = postSolution
		SolutionGuid = {7387205E-CA7B-4592-8D90-8FBF3CF2F584}
	EndGlobalSection
EndGlobal
