
Microsoft Visual Studio Solution File, Format Version 12.00
# Visual Studio Version 17
VisualStudioVersion = 17.5.33502.453
MinimumVisualStudioVersion = 10.0.40219.1
Project("{9A19103F-16F7-4668-BE54-9A1E7A4F7556}") = "Doormat.Bot", "..\DoormatBot\Doormat.Bot\Doormat.Bot.csproj", "{F93DAEFA-B263-4D9A-BE45-2044AB93CB82}"
EndProject
Project("{9A19103F-16F7-4668-BE54-9A1E7A4F7556}") = "DoormatCore", "..\Doormat\Doormat\Doormat\DoormatCore.csproj", "{35104049-E7EF-4642-B139-B0033C1040B2}"
EndProject
Project("{9A19103F-16F7-4668-BE54-9A1E7A4F7556}") = "KryGamesBot.Ava", "KryGamesBot.Avalonia\KryGamesBot.Ava.csproj", "{A5B3AC98-FD45-405C-862E-1125D219F98F}"
EndProject
Project("{2150E333-8FDC-42A3-9474-1A3956D46DE8}") = "Platforms", "Platforms", "{8F9C7DF7-1122-4418-B30A-416B9F531FE5}"
EndProject
Project("{9A19103F-16F7-4668-BE54-9A1E7A4F7556}") = "KryGamesBot.Desktop", "WebTest\WebTest.Desktop\KryGamesBot.Desktop.csproj", "{E39202E4-5FB0-42D4-A1CB-C60B6D0D6434}"
EndProject
Project("{9A19103F-16F7-4668-BE54-9A1E7A4F7556}") = "KryGamesBotControls", "KryGamesBotControls\KryGamesBotControls.csproj", "{6E5C4FCC-BBE1-4FD5-85C9-8BB8876DC81D}"
EndProject
Project("{9A19103F-16F7-4668-BE54-9A1E7A4F7556}") = "KryGamesBot", "KryGamesBot\KryGamesBot.csproj", "{6220130A-1C6C-4C64-8D72-F58263BDEAF2}"
EndProject
Project("{9A19103F-16F7-4668-BE54-9A1E7A4F7556}") = "KryGamesBot.MAUI.Blazor", "KryGamesBot.MAUI.Blazor\KryGamesBot.MAUI.Blazor.csproj", "{43E23AB9-7C16-4CD3-B9F0-18BB53BB2298}"
EndProject
Project("{2150E333-8FDC-42A3-9474-1A3956D46DE8}") = "Tests", "Tests", "{84486CF5-B4E9-4118-BF6D-21E998DD3017}"
EndProject
Project("{9A19103F-16F7-4668-BE54-9A1E7A4F7556}") = "DoormatCore.Tests", "..\Doormat\Doormat\DoormatCore.Tests\DoormatCore.Tests.csproj", "{2F192F27-1DB6-4A9B-81F0-21637E407304}"
EndProject
Project("{9A19103F-16F7-4668-BE54-9A1E7A4F7556}") = "DoormatBot.Tests", "..\DoormatBot\DoormatBot.Tests\DoormatBot.Tests.csproj", "{3B0AEC00-331F-4B16-BD26-560960952DBF}"
EndProject
Global
	GlobalSection(SolutionConfigurationPlatforms) = preSolution
		Debug|Any CPU = Debug|Any CPU
		Release|Any CPU = Release|Any CPU
	EndGlobalSection
	GlobalSection(ProjectConfigurationPlatforms) = postSolution
		{F93DAEFA-B263-4D9A-BE45-2044AB93CB82}.Debug|Any CPU.ActiveCfg = Debug|Any CPU
		{F93DAEFA-B263-4D9A-BE45-2044AB93CB82}.Debug|Any CPU.Build.0 = Debug|Any CPU
		{F93DAEFA-B263-4D9A-BE45-2044AB93CB82}.Release|Any CPU.ActiveCfg = Release|Any CPU
		{F93DAEFA-B263-4D9A-BE45-2044AB93CB82}.Release|Any CPU.Build.0 = Release|Any CPU
		{35104049-E7EF-4642-B139-B0033C1040B2}.Debug|Any CPU.ActiveCfg = Debug|Any CPU
		{35104049-E7EF-4642-B139-B0033C1040B2}.Debug|Any CPU.Build.0 = Debug|Any CPU
		{35104049-E7EF-4642-B139-B0033C1040B2}.Release|Any CPU.ActiveCfg = Release|Any CPU
		{35104049-E7EF-4642-B139-B0033C1040B2}.Release|Any CPU.Build.0 = Release|Any CPU
		{A5B3AC98-FD45-405C-862E-1125D219F98F}.Debug|Any CPU.ActiveCfg = Debug|Any CPU
		{A5B3AC98-FD45-405C-862E-1125D219F98F}.Debug|Any CPU.Build.0 = Debug|Any CPU
		{A5B3AC98-FD45-405C-862E-1125D219F98F}.Release|Any CPU.ActiveCfg = Release|Any CPU
		{A5B3AC98-FD45-405C-862E-1125D219F98F}.Release|Any CPU.Build.0 = Release|Any CPU
		{E39202E4-5FB0-42D4-A1CB-C60B6D0D6434}.Debug|Any CPU.ActiveCfg = Debug|Any CPU
		{E39202E4-5FB0-42D4-A1CB-C60B6D0D6434}.Debug|Any CPU.Build.0 = Debug|Any CPU
		{E39202E4-5FB0-42D4-A1CB-C60B6D0D6434}.Release|Any CPU.ActiveCfg = Release|Any CPU
		{E39202E4-5FB0-42D4-A1CB-C60B6D0D6434}.Release|Any CPU.Build.0 = Release|Any CPU
		{6E5C4FCC-BBE1-4FD5-85C9-8BB8876DC81D}.Debug|Any CPU.ActiveCfg = Debug|Any CPU
		{6E5C4FCC-BBE1-4FD5-85C9-8BB8876DC81D}.Debug|Any CPU.Build.0 = Debug|Any CPU
		{6E5C4FCC-BBE1-4FD5-85C9-8BB8876DC81D}.Release|Any CPU.ActiveCfg = Release|Any CPU
		{6E5C4FCC-BBE1-4FD5-85C9-8BB8876DC81D}.Release|Any CPU.Build.0 = Release|Any CPU
		{6220130A-1C6C-4C64-8D72-F58263BDEAF2}.Debug|Any CPU.ActiveCfg = Debug|Any CPU
		{6220130A-1C6C-4C64-8D72-F58263BDEAF2}.Debug|Any CPU.Build.0 = Debug|Any CPU
		{6220130A-1C6C-4C64-8D72-F58263BDEAF2}.Release|Any CPU.ActiveCfg = Release|Any CPU
		{6220130A-1C6C-4C64-8D72-F58263BDEAF2}.Release|Any CPU.Build.0 = Release|Any CPU
		{43E23AB9-7C16-4CD3-B9F0-18BB53BB2298}.Debug|Any CPU.ActiveCfg = Debug|Any CPU
		{43E23AB9-7C16-4CD3-B9F0-18BB53BB2298}.Debug|Any CPU.Build.0 = Debug|Any CPU
		{43E23AB9-7C16-4CD3-B9F0-18BB53BB2298}.Debug|Any CPU.Deploy.0 = Debug|Any CPU
		{43E23AB9-7C16-4CD3-B9F0-18BB53BB2298}.Release|Any CPU.ActiveCfg = Release|Any CPU
		{43E23AB9-7C16-4CD3-B9F0-18BB53BB2298}.Release|Any CPU.Build.0 = Release|Any CPU
		{43E23AB9-7C16-4CD3-B9F0-18BB53BB2298}.Release|Any CPU.Deploy.0 = Release|Any CPU
		{2F192F27-1DB6-4A9B-81F0-21637E407304}.Debug|Any CPU.ActiveCfg = Debug|Any CPU
		{2F192F27-1DB6-4A9B-81F0-21637E407304}.Debug|Any CPU.Build.0 = Debug|Any CPU
		{2F192F27-1DB6-4A9B-81F0-21637E407304}.Release|Any CPU.ActiveCfg = Release|Any CPU
		{2F192F27-1DB6-4A9B-81F0-21637E407304}.Release|Any CPU.Build.0 = Release|Any CPU
		{3B0AEC00-331F-4B16-BD26-560960952DBF}.Debug|Any CPU.ActiveCfg = Debug|Any CPU
		{3B0AEC00-331F-4B16-BD26-560960952DBF}.Debug|Any CPU.Build.0 = Debug|Any CPU
		{3B0AEC00-331F-4B16-BD26-560960952DBF}.Release|Any CPU.ActiveCfg = Release|Any CPU
		{3B0AEC00-331F-4B16-BD26-560960952DBF}.Release|Any CPU.Build.0 = Release|Any CPU
	EndGlobalSection
	GlobalSection(SolutionProperties) = preSolution
		HideSolutionNode = FALSE
	EndGlobalSection
	GlobalSection(NestedProjects) = preSolution
		{E39202E4-5FB0-42D4-A1CB-C60B6D0D6434} = {8F9C7DF7-1122-4418-B30A-416B9F531FE5}
		{2F192F27-1DB6-4A9B-81F0-21637E407304} = {84486CF5-B4E9-4118-BF6D-21E998DD3017}
		{3B0AEC00-331F-4B16-BD26-560960952DBF} = {84486CF5-B4E9-4118-BF6D-21E998DD3017}
	EndGlobalSection
	GlobalSection(ExtensibilityGlobals) = postSolution
		SolutionGuid = {7387205E-CA7B-4592-8D90-8FBF3CF2F584}
	EndGlobalSection
EndGlobal
